
Microsoft Visual Studio Solution File, Format Version 12.00
# Visual Studio Version 16
VisualStudioVersion = 16.0.31613.86
MinimumVisualStudioVersion = 10.0.40219.1
Project("{FAE04EC0-301F-11D3-BF4B-00C04F79EFBC}") = "BT02", "BT02\BT02.csproj", "{100F5DC1-C62D-4CDF-98FC-D6A21FFC64DE}"
EndProject
Global
	GlobalSection(SolutionConfigurationPlatforms) = preSolution
		Debug|Any CPU = Debug|Any CPU
		Release|Any CPU = Release|Any CPU
	EndGlobalSection
	GlobalSection(ProjectConfigurationPlatforms) = postSolution
		{100F5DC1-C62D-4CDF-98FC-D6A21FFC64DE}.Debug|Any CPU.ActiveCfg = Debug|Any CPU
		{100F5DC1-C62D-4CDF-98FC-D6A21FFC64DE}.Debug|Any CPU.Build.0 = Debug|Any CPU
		{100F5DC1-C62D-4CDF-98FC-D6A21FFC64DE}.Release|Any CPU.ActiveCfg = Release|Any CPU
		{100F5DC1-C62D-4CDF-98FC-D6A21FFC64DE}.Release|Any CPU.Build.0 = Release|Any CPU
	EndGlobalSection
	GlobalSection(SolutionProperties) = preSolution
		HideSolutionNode = FALSE
	EndGlobalSection
	GlobalSection(ExtensibilityGlobals) = postSolution
		SolutionGuid = {C05F7711-D41C-4B66-BBAE-DCECF033D12D}
	EndGlobalSection
EndGlobal
